
Microsoft Visual Studio Solution File, Format Version 12.00
# Visual Studio Version 17
VisualStudioVersion = 17.1.32210.238
MinimumVisualStudioVersion = 10.0.40219.1
Project("{9A19103F-16F7-4668-BE54-9A1E7A4F7556}") = "Sumexsa", "Sumexsa.csproj", "{A868F43D-4557-4D19-A3EA-0EB5C8C7E558}"
EndProject
Project("{9A19103F-16F7-4668-BE54-9A1E7A4F7556}") = "Modelo", "..\Modelo\Modelo.csproj", "{80A945DC-9787-4706-8D26-949CE6692F8B}"
EndProject
Project("{9A19103F-16F7-4668-BE54-9A1E7A4F7556}") = "Servicio", "..\Servicio\Servicio.csproj", "{893E1B0E-99F6-4501-A563-E8F34771FB8F}"
EndProject
Global
	GlobalSection(SolutionConfigurationPlatforms) = preSolution
		Debug|Any CPU = Debug|Any CPU
		Release|Any CPU = Release|Any CPU
	EndGlobalSection
	GlobalSection(ProjectConfigurationPlatforms) = postSolution
		{A868F43D-4557-4D19-A3EA-0EB5C8C7E558}.Debug|Any CPU.ActiveCfg = Debug|Any CPU
		{A868F43D-4557-4D19-A3EA-0EB5C8C7E558}.Debug|Any CPU.Build.0 = Debug|Any CPU
		{A868F43D-4557-4D19-A3EA-0EB5C8C7E558}.Release|Any CPU.ActiveCfg = Release|Any CPU
		{A868F43D-4557-4D19-A3EA-0EB5C8C7E558}.Release|Any CPU.Build.0 = Release|Any CPU
		{80A945DC-9787-4706-8D26-949CE6692F8B}.Debug|Any CPU.ActiveCfg = Debug|Any CPU
		{80A945DC-9787-4706-8D26-949CE6692F8B}.Debug|Any CPU.Build.0 = Debug|Any CPU
		{80A945DC-9787-4706-8D26-949CE6692F8B}.Release|Any CPU.ActiveCfg = Release|Any CPU
		{80A945DC-9787-4706-8D26-949CE6692F8B}.Release|Any CPU.Build.0 = Release|Any CPU
		{893E1B0E-99F6-4501-A563-E8F34771FB8F}.Debug|Any CPU.ActiveCfg = Debug|Any CPU
		{893E1B0E-99F6-4501-A563-E8F34771FB8F}.Debug|Any CPU.Build.0 = Debug|Any CPU
		{893E1B0E-99F6-4501-A563-E8F34771FB8F}.Release|Any CPU.ActiveCfg = Release|Any CPU
		{893E1B0E-99F6-4501-A563-E8F34771FB8F}.Release|Any CPU.Build.0 = Release|Any CPU
	EndGlobalSection
	GlobalSection(SolutionProperties) = preSolution
		HideSolutionNode = FALSE
	EndGlobalSection
	GlobalSection(ExtensibilityGlobals) = postSolution
		SolutionGuid = {4900F277-8F0D-4FBE-9763-DEA5CDA3494F}
	EndGlobalSection
EndGlobal
